// !$*UTF8*$!
{
	archiveVersion = 1;
	classes = {
	};
	objectVersion = 46;
	objects = {

/* Begin PBXBuildFile section */
		1B09B6A019F44A1E00FCB141 /* main.m in Sources */ = {isa = PBXBuildFile; fileRef = 1B09B69F19F44A1E00FCB141 /* main.m */; };
		1B09B6A319F44A1E00FCB141 /* AppDelegate.m in Sources */ = {isa = PBXBuildFile; fileRef = 1B09B6A219F44A1E00FCB141 /* AppDelegate.m */; };
		1B09B6A619F44A1E00FCB141 /* ViewController.m in Sources */ = {isa = PBXBuildFile; fileRef = 1B09B6A519F44A1E00FCB141 /* ViewController.m */; };
		1B09B6A919F44A1E00FCB141 /* Main.storyboard in Resources */ = {isa = PBXBuildFile; fileRef = 1B09B6A719F44A1E00FCB141 /* Main.storyboard */; };
		1B09B6AB19F44A1E00FCB141 /* Images.xcassets in Resources */ = {isa = PBXBuildFile; fileRef = 1B09B6AA19F44A1E00FCB141 /* Images.xcassets */; };
		1B09B6AE19F44A1E00FCB141 /* LaunchScreen.xib in Resources */ = {isa = PBXBuildFile; fileRef = 1B09B6AC19F44A1E00FCB141 /* LaunchScreen.xib */; };
		1B09B6C619F44E3F00FCB141 /* FXBlurView.m in Sources */ = {isa = PBXBuildFile; fileRef = 1B09B6C519F44E3F00FCB141 /* FXBlurView.m */; };
/* End PBXBuildFile section */

/* Begin PBXFileReference section */
		1B09B69A19F44A1E00FCB141 /* BasicGradientExample.app */ = {isa = PBXFileReference; explicitFileType = wrapper.application; includeInIndex = 0; path = BasicGradientExample.app; sourceTree = BUILT_PRODUCTS_DIR; };
		1B09B69E19F44A1E00FCB141 /* Info.plist */ = {isa = PBXFileReference; lastKnownFileType = text.plist.xml; path = Info.plist; sourceTree = "<group>"; };
		1B09B69F19F44A1E00FCB141 /* main.m */ = {isa = PBXFileReference; lastKnownFileType = sourcecode.c.objc; path = main.m; sourceTree = "<group>"; };
		1B09B6A119F44A1E00FCB141 /* AppDelegate.h */ = {isa = PBXFileReference; lastKnownFileType = sourcecode.c.h; path = AppDelegate.h; sourceTree = "<group>"; };
		1B09B6A219F44A1E00FCB141 /* AppDelegate.m */ = {isa = PBXFileReference; lastKnownFileType = sourcecode.c.objc; path = AppDelegate.m; sourceTree = "<group>"; };
		1B09B6A419F44A1E00FCB141 /* ViewController.h */ = {isa = PBXFileReference; lastKnownFileType = sourcecode.c.h; path = ViewController.h; sourceTree = "<group>"; };
		1B09B6A519F44A1E00FCB141 /* ViewController.m */ = {isa = PBXFileReference; lastKnownFileType = sourcecode.c.objc; path = ViewController.m; sourceTree = "<group>"; };
		1B09B6A819F44A1E00FCB141 /* Base */ = {isa = PBXFileReference; lastKnownFileType = file.storyboard; name = Base; path = Base.lproj/Main.storyboard; sourceTree = "<group>"; };
		1B09B6AA19F44A1E00FCB141 /* Images.xcassets */ = {isa = PBXFileReference; lastKnownFileType = folder.assetcatalog; path = Images.xcassets; sourceTree = "<group>"; };
		1B09B6AD19F44A1E00FCB141 /* Base */ = {isa = PBXFileReference; lastKnownFileType = file.xib; name = Base; path = Base.lproj/LaunchScreen.xib; sourceTree = "<group>"; };
		1B09B6C419F44E3F00FCB141 /* FXBlurView.h */ = {isa = PBXFileReference; fileEncoding = 4; lastKnownFileType = sourcecode.c.h; path = FXBlurView.h; sourceTree = "<group>"; };
		1B09B6C519F44E3F00FCB141 /* FXBlurView.m */ = {isa = PBXFileReference; fileEncoding = 4; lastKnownFileType = sourcecode.c.objc; path = FXBlurView.m; sourceTree = "<group>"; };
/* End PBXFileReference section */

/* Begin PBXFrameworksBuildPhase section */
		1B09B69719F44A1E00FCB141 /* Frameworks */ = {
			isa = PBXFrameworksBuildPhase;
			buildActionMask = 2147483647;
			files = (
			);
			runOnlyForDeploymentPostprocessing = 0;
		};
/* End PBXFrameworksBuildPhase section */

/* Begin PBXGroup section */
		1B09B69119F44A1E00FCB141 = {
			isa = PBXGroup;
			children = (
				1B09B6C319F44E3F00FCB141 /* FXBlurView */,
				1B09B69C19F44A1E00FCB141 /* BasicGradientExample */,
				1B09B69B19F44A1E00FCB141 /* Products */,
			);
			sourceTree = "<group>";
		};
		1B09B69B19F44A1E00FCB141 /* Products */ = {
			isa = PBXGroup;
			children = (
				1B09B69A19F44A1E00FCB141 /* BasicGradientExample.app */,
			);
			name = Products;
			sourceTree = "<group>";
		};
		1B09B69C19F44A1E00FCB141 /* BasicGradientExample */ = {
			isa = PBXGroup;
			children = (
				1B09B6A119F44A1E00FCB141 /* AppDelegate.h */,
				1B09B6A219F44A1E00FCB141 /* AppDelegate.m */,
				1B09B6A419F44A1E00FCB141 /* ViewController.h */,
				1B09B6A519F44A1E00FCB141 /* ViewController.m */,
				1B09B6A719F44A1E00FCB141 /* Main.storyboard */,
				1B09B6AA19F44A1E00FCB141 /* Images.xcassets */,
				1B09B6AC19F44A1E00FCB141 /* LaunchScreen.xib */,
				1B09B69D19F44A1E00FCB141 /* Supporting Files */,
			);
			path = BasicGradientExample;
			sourceTree = "<group>";
		};
		1B09B69D19F44A1E00FCB141 /* Supporting Files */ = {
			isa = PBXGroup;
			children = (
				1B09B69E19F44A1E00FCB141 /* Info.plist */,
				1B09B69F19F44A1E00FCB141 /* main.m */,
			);
			name = "Supporting Files";
			sourceTree = "<group>";
		};
		1B09B6C319F44E3F00FCB141 /* FXBlurView */ = {
			isa = PBXGroup;
			children = (
				1B09B6C419F44E3F00FCB141 /* FXBlurView.h */,
				1B09B6C519F44E3F00FCB141 /* FXBlurView.m */,
			);
			name = FXBlurView;
			path = ../../FXBlurView;
			sourceTree = "<group>";
		};
/* End PBXGroup section */

/* Begin PBXNativeTarget section */
		1B09B69919F44A1E00FCB141 /* BasicGradientExample */ = {
			isa = PBXNativeTarget;
			buildConfigurationList = 1B09B6BD19F44A1E00FCB141 /* Build configuration list for PBXNativeTarget "BasicGradientExample" */;
			buildPhases = (
				1B09B69619F44A1E00FCB141 /* Sources */,
				1B09B69719F44A1E00FCB141 /* Frameworks */,
				1B09B69819F44A1E00FCB141 /* Resources */,
			);
			buildRules = (
			);
			dependencies = (
			);
			name = BasicGradientExample;
			productName = BasicGradientExample;
			productReference = 1B09B69A19F44A1E00FCB141 /* BasicGradientExample.app */;
			productType = "com.apple.product-type.application";
		};
/* End PBXNativeTarget section */

/* Begin PBXProject section */
		1B09B69219F44A1E00FCB141 /* Project object */ = {
			isa = PBXProject;
			attributes = {
				LastUpgradeCheck = 0600;
				ORGANIZATIONNAME = Baaam;
				TargetAttributes = {
					1B09B69919F44A1E00FCB141 = {
						CreatedOnToolsVersion = 6.0.1;
					};
				};
			};
			buildConfigurationList = 1B09B69519F44A1E00FCB141 /* Build configuration list for PBXProject "BasicGradientExample" */;
			compatibilityVersion = "Xcode 3.2";
			developmentRegion = English;
			hasScannedForEncodings = 0;
			knownRegions = (
				en,
				Base,
			);
			mainGroup = 1B09B69119F44A1E00FCB141;
			productRefGroup = 1B09B69B19F44A1E00FCB141 /* Products */;
			projectDirPath = "";
			projectRoot = "";
			targets = (
				1B09B69919F44A1E00FCB141 /* BasicGradientExample */,
			);
		};
/* End PBXProject section */

/* Begin PBXResourcesBuildPhase section */
		1B09B69819F44A1E00FCB141 /* Resources */ = {
			isa = PBXResourcesBuildPhase;
			buildActionMask = 2147483647;
			files = (
				1B09B6A919F44A1E00FCB141 /* Main.storyboard in Resources */,
				1B09B6AE19F44A1E00FCB141 /* LaunchScreen.xib in Resources */,
				1B09B6AB19F44A1E00FCB141 /* Images.xcassets in Resources */,
			);
			runOnlyForDeploymentPostprocessing = 0;
		};
/* End PBXResourcesBuildPhase section */

/* Begin PBXSourcesBuildPhase section */
		1B09B69619F44A1E00FCB141 /* Sources */ = {
			isa = PBXSourcesBuildPhase;
			buildActionMask = 2147483647;
			files = (
				1B09B6A619F44A1E00FCB141 /* ViewController.m in Sources */,
				1B09B6C619F44E3F00FCB141 /* FXBlurView.m in Sources */,
				1B09B6A319F44A1E00FCB141 /* AppDelegate.m in Sources */,
				1B09B6A019F44A1E00FCB141 /* main.m in Sources */,
			);
			runOnlyForDeploymentPostprocessing = 0;
		};
/* End PBXSourcesBuildPhase section */

/* Begin PBXVariantGroup section */
		1B09B6A719F44A1E00FCB141 /* Main.storyboard */ = {
			isa = PBXVariantGroup;
			children = (
				1B09B6A819F44A1E00FCB141 /* Base */,
			);
			name = Main.storyboard;
			sourceTree = "<group>";
		};
		1B09B6AC19F44A1E00FCB141 /* LaunchScreen.xib */ = {
			isa = PBXVariantGroup;
			children = (
				1B09B6AD19F44A1E00FCB141 /* Base */,
			);
			name = LaunchScreen.xib;
			sourceTree = "<group>";
		};
/* End PBXVariantGroup section */

/* Begin XCBuildConfiguration section */
		1B09B6BB19F44A1E00FCB141 /* Debug */ = {
			isa = XCBuildConfiguration;
			buildSettings = {
				ALWAYS_SEARCH_USER_PATHS = NO;
				CLANG_CXX_LANGUAGE_STANDARD = "gnu++0x";
				CLANG_CXX_LIBRARY = "libc++";
				CLANG_ENABLE_MODULES = YES;
				CLANG_ENABLE_OBJC_ARC = YES;
				CLANG_WARN_BOOL_CONVERSION = YES;
				CLANG_WARN_CONSTANT_CONVERSION = YES;
				CLANG_WARN_DIRECT_OBJC_ISA_USAGE = YES_ERROR;
				CLANG_WARN_EMPTY_BODY = YES;
				CLANG_WARN_ENUM_CONVERSION = YES;
				CLANG_WARN_INT_CONVERSION = YES;
				CLANG_WARN_OBJC_ROOT_CLASS = YES_ERROR;
				CLANG_WARN_UNREACHABLE_CODE = YES;
				CLANG_WARN__DUPLICATE_METHOD_MATCH = YES;
				"CODE_SIGN_IDENTITY[sdk=iphoneos*]" = "iPhone Developer";
				COPY_PHASE_STRIP = NO;
				ENABLE_STRICT_OBJC_MSGSEND = YES;
				GCC_C_LANGUAGE_STANDARD = gnu99;
				GCC_DYNAMIC_NO_PIC = NO;
				GCC_OPTIMIZATION_LEVEL = 0;
				GCC_PREPROCESSOR_DEFINITIONS = (
					"DEBUG=1",
					"$(inherited)",
				);
				GCC_SYMBOLS_PRIVATE_EXTERN = NO;
				GCC_WARN_64_TO_32_BIT_CONVERSION = YES;
				GCC_WARN_ABOUT_RETURN_TYPE = YES_ERROR;
				GCC_WARN_UNDECLARED_SELECTOR = YES;
				GCC_WARN_UNINITIALIZED_AUTOS = YES_AGGRESSIVE;
				GCC_WARN_UNUSED_FUNCTION = YES;
				GCC_WARN_UNUSED_VARIABLE = YES;
				IPHONEOS_DEPLOYMENT_TARGET = 8.0;
				MTL_ENABLE_DEBUG_INFO = YES;
				ONLY_ACTIVE_ARCH = YES;
				SDKROOT = iphoneos;
				TARGETED_DEVICE_FAMILY = "1,2";
			};
			name = Debug;
		};
		1B09B6BC19F44A1E00FCB141 /* Release */ = {
			isa = XCBuildConfiguration;
			buildSettings = {
				ALWAYS_SEARCH_USER_PATHS = NO;
				CLANG_CXX_LANGUAGE_STANDARD = "gnu++0x";
				CLANG_CXX_LIBRARY = "libc++";
				CLANG_ENABLE_MODULES = YES;
				CLANG_ENABLE_OBJC_ARC = YES;
				CLANG_WARN_BOOL_CONVERSION = YES;
				CLANG_WARN_CONSTANT_CONVERSION = YES;
				CLANG_WARN_DIRECT_OBJC_ISA_USAGE = YES_ERROR;
				CLANG_WARN_EMPTY_BODY = YES;
				CLANG_WARN_ENUM_CONVERSION = YES;
				CLANG_WARN_INT_CONVERSION = YES;
				CLANG_WARN_OBJC_ROOT_CLASS = YES_ERROR;
				CLANG_WARN_UNREACHABLE_CODE = YES;
				CLANG_WARN__DUPLICATE_METHOD_MATCH = YES;
				"CODE_SIGN_IDENTITY[sdk=iphoneos*]" = "iPhone Developer";
				COPY_PHASE_STRIP = YES;
				ENABLE_NS_ASSERTIONS = NO;
				ENABLE_STRICT_OBJC_MSGSEND = YES;
				GCC_C_LANGUAGE_STANDARD = gnu99;
				GCC_WARN_64_TO_32_BIT_CONVERSION = YES;
				GCC_WARN_ABOUT_RETURN_TYPE = YES_ERROR;
				GCC_WARN_UNDECLARED_SELECTOR = YES;
				GCC_WARN_UNINITIALIZED_AUTOS = YES_AGGRESSIVE;
				GCC_WARN_UNUSED_FUNCTION = YES;
				GCC_WARN_UNUSED_VARIABLE = YES;
				IPHONEOS_DEPLOYMENT_TARGET = 8.0;
				MTL_ENABLE_DEBUG_INFO = NO;
				SDKROOT = iphoneos;
				TARGETED_DEVICE_FAMILY = "1,2";
				VALIDATE_PRODUCT = YES;
			};
			name = Release;
		};
		1B09B6BE19F44A1E00FCB141 /* Debug */ = {
			isa = XCBuildConfiguration;
			buildSettings = {
				ASSETCATALOG_COMPILER_APPICON_NAME = AppIcon;
				INFOPLIST_FILE = BasicGradientExample/Info.plist;
				IPHONEOS_DEPLOYMENT_TARGET = 7.1;
				LD_RUNPATH_SEARCH_PATHS = "$(inherited) @executable_path/Frameworks";
				PRODUCT_NAME = "$(TARGET_NAME)";
			};
			name = Debug;
		};
		1B09B6BF19F44A1E00FCB141 /* Release */ = {
			isa = XCBuildConfiguration;
			buildSettings = {
				ASSETCATALOG_COMPILER_APPICON_NAME = AppIcon;
				INFOPLIST_FILE = BasicGradientExample/Info.plist;
				IPHONEOS_DEPLOYMENT_TARGET = 7.1;
				LD_RUNPATH_SEARCH_PATHS = "$(inherited) @executable_path/Frameworks";
				PRODUCT_NAME = "$(TARGET_NAME)";
			};
			name = Release;
		};
/* End XCBuildConfiguration section */

/* Begin XCConfigurationList section */
		1B09B69519F44A1E00FCB141 /* Build configuration list for PBXProject "BasicGradientExample" */ = {
			isa = XCConfigurationList;
			buildConfigurations = (
				1B09B6BB19F44A1E00FCB141 /* Debug */,
				1B09B6BC19F44A1E00FCB141 /* Release */,
			);
			defaultConfigurationIsVisible = 0;
			defaultConfigurationName = Release;
		};
		1B09B6BD19F44A1E00FCB141 /* Build configuration list for PBXNativeTarget "BasicGradientExample" */ = {
			isa = XCConfigurationList;
			buildConfigurations = (
				1B09B6BE19F44A1E00FCB141 /* Debug */,
				1B09B6BF19F44A1E00FCB141 /* Release */,
			);
			defaultConfigurationIsVisible = 0;
		};
/* End XCConfigurationList section */
	};
	rootObject = 1B09B69219F44A1E00FCB141 /* Project object */;
}
